
Microsoft Visual Studio Solution File, Format Version 12.00
# Visual Studio Version 16
VisualStudioVersion = 16.0.31613.86
MinimumVisualStudioVersion = 10.0.40219.1
Project("{FAE04EC0-301F-11D3-BF4B-00C04F79EFBC}") = "seleniumIE", "seleniumIE\seleniumIE.csproj", "{4D51B8CF-6A6C-463A-9F7F-CA854628D74B}"
EndProject
Project("{FAE04EC0-301F-11D3-BF4B-00C04F79EFBC}") = "NunitTest", "NunitTest\NunitTest.csproj", "{9AEAA716-2785-4300-BBBF-EA900FD2ACFF}"
EndProject
Global
	GlobalSection(SolutionConfigurationPlatforms) = preSolution
		Debug|Any CPU = Debug|Any CPU
		Release|Any CPU = Release|Any CPU
	EndGlobalSection
	GlobalSection(ProjectConfigurationPlatforms) = postSolution
		{4D51B8CF-6A6C-463A-9F7F-CA854628D74B}.Debug|Any CPU.ActiveCfg = Debug|Any CPU
		{4D51B8CF-6A6C-463A-9F7F-CA854628D74B}.Debug|Any CPU.Build.0 = Debug|Any CPU
		{4D51B8CF-6A6C-463A-9F7F-CA854628D74B}.Release|Any CPU.ActiveCfg = Release|Any CPU
		{4D51B8CF-6A6C-463A-9F7F-CA854628D74B}.Release|Any CPU.Build.0 = Release|Any CPU
		{9AEAA716-2785-4300-BBBF-EA900FD2ACFF}.Debug|Any CPU.ActiveCfg = Debug|Any CPU
		{9AEAA716-2785-4300-BBBF-EA900FD2ACFF}.Debug|Any CPU.Build.0 = Debug|Any CPU
		{9AEAA716-2785-4300-BBBF-EA900FD2ACFF}.Release|Any CPU.ActiveCfg = Release|Any CPU
		{9AEAA716-2785-4300-BBBF-EA900FD2ACFF}.Release|Any CPU.Build.0 = Release|Any CPU
	EndGlobalSection
	GlobalSection(SolutionProperties) = preSolution
		HideSolutionNode = FALSE
	EndGlobalSection
	GlobalSection(ExtensibilityGlobals) = postSolution
		SolutionGuid = {FA4743BB-588D-43F6-9FC4-6386BFE8ABA0}
	EndGlobalSection
EndGlobal
